
Microsoft Visual Studio Solution File, Format Version 12.00
# Visual Studio Version 16
VisualStudioVersion = 16.0.31613.86
MinimumVisualStudioVersion = 10.0.40219.1
Project("{FAE04EC0-301F-11D3-BF4B-00C04F79EFBC}") = "ICloneableDemo", "ICloneableDemo.csproj", "{F1F68455-C227-4922-A1EA-302DB40CAAB5}"
EndProject
Global
	GlobalSection(SolutionConfigurationPlatforms) = preSolution
		Debug|Any CPU = Debug|Any CPU
		Release|Any CPU = Release|Any CPU
	EndGlobalSection
	GlobalSection(ProjectConfigurationPlatforms) = postSolution
		{F1F68455-C227-4922-A1EA-302DB40CAAB5}.Debug|Any CPU.ActiveCfg = Debug|Any CPU
		{F1F68455-C227-4922-A1EA-302DB40CAAB5}.Debug|Any CPU.Build.0 = Debug|Any CPU
		{F1F68455-C227-4922-A1EA-302DB40CAAB5}.Release|Any CPU.ActiveCfg = Release|Any CPU
		{F1F68455-C227-4922-A1EA-302DB40CAAB5}.Release|Any CPU.Build.0 = Release|Any CPU
	EndGlobalSection
	GlobalSection(SolutionProperties) = preSolution
		HideSolutionNode = FALSE
	EndGlobalSection
	GlobalSection(ExtensibilityGlobals) = postSolution
		SolutionGuid = {C122CD33-0F84-4D88-A835-2BE08986961B}
	EndGlobalSection
EndGlobal
